
Microsoft Visual Studio Solution File, Format Version 12.00
# Visual Studio Version 16
VisualStudioVersion = 16.0.30204.135
MinimumVisualStudioVersion = 10.0.40219.1
Project("{9A19103F-16F7-4668-BE54-9A1E7A4F7556}") = "Vivelin.Hosts.Tests", "tests\Vivelin.Hosts.Tests\Vivelin.Hosts.Tests.csproj", "{474F2DD0-312B-4114-AC3D-AF3EBEF308A5}"
EndProject
Project("{9A19103F-16F7-4668-BE54-9A1E7A4F7556}") = "Vivelin.Hosts", "src\Vivelin.Hosts\Vivelin.Hosts.csproj", "{BF143365-D985-4DE4-B1F1-9B8BFAD0E30D}"
EndProject
Project("{FAE04EC0-301F-11D3-BF4B-00C04F79EFBC}") = "Hosts", "src\Hosts\Hosts.csproj", "{63C992AB-6E6C-4E44-884B-D13D00BAAEE9}"
EndProject
Global
	GlobalSection(SolutionConfigurationPlatforms) = preSolution
		Debug|Any CPU = Debug|Any CPU
		Release|Any CPU = Release|Any CPU
	EndGlobalSection
	GlobalSection(ProjectConfigurationPlatforms) = postSolution
		{474F2DD0-312B-4114-AC3D-AF3EBEF308A5}.Debug|Any CPU.ActiveCfg = Debug|Any CPU
		{474F2DD0-312B-4114-AC3D-AF3EBEF308A5}.Debug|Any CPU.Build.0 = Debug|Any CPU
		{474F2DD0-312B-4114-AC3D-AF3EBEF308A5}.Release|Any CPU.ActiveCfg = Release|Any CPU
		{474F2DD0-312B-4114-AC3D-AF3EBEF308A5}.Release|Any CPU.Build.0 = Release|Any CPU
		{BF143365-D985-4DE4-B1F1-9B8BFAD0E30D}.Debug|Any CPU.ActiveCfg = Debug|Any CPU
		{BF143365-D985-4DE4-B1F1-9B8BFAD0E30D}.Debug|Any CPU.Build.0 = Debug|Any CPU
		{BF143365-D985-4DE4-B1F1-9B8BFAD0E30D}.Release|Any CPU.ActiveCfg = Release|Any CPU
		{BF143365-D985-4DE4-B1F1-9B8BFAD0E30D}.Release|Any CPU.Build.0 = Release|Any CPU
		{63C992AB-6E6C-4E44-884B-D13D00BAAEE9}.Debug|Any CPU.ActiveCfg = Debug|Any CPU
		{63C992AB-6E6C-4E44-884B-D13D00BAAEE9}.Debug|Any CPU.Build.0 = Debug|Any CPU
		{63C992AB-6E6C-4E44-884B-D13D00BAAEE9}.Release|Any CPU.ActiveCfg = Release|Any CPU
		{63C992AB-6E6C-4E44-884B-D13D00BAAEE9}.Release|Any CPU.Build.0 = Release|Any CPU
	EndGlobalSection
	GlobalSection(SolutionProperties) = preSolution
		HideSolutionNode = FALSE
	EndGlobalSection
	GlobalSection(ExtensibilityGlobals) = postSolution
		SolutionGuid = {A8E0689B-5D6E-4878-AA0F-F99F656991EA}
	EndGlobalSection
EndGlobal
